// !$*UTF8*$!
{
	archiveVersion = 1;
	classes = {
	};
	objectVersion = 56;
	objects = {

/* Begin PBXBuildFile section */
		787AC67F2B0F71E6001A1CBC /* LeggoQuizApp.swift in Sources */ = {isa = PBXBuildFile; fileRef = 787AC67E2B0F71E6001A1CBC /* LeggoQuizApp.swift */; };
		787AC6812B0F71E6001A1CBC /* ContentView.swift in Sources */ = {isa = PBXBuildFile; fileRef = 787AC6802B0F71E6001A1CBC /* ContentView.swift */; };
		787AC6832B0F71E8001A1CBC /* Assets.xcassets in Resources */ = {isa = PBXBuildFile; fileRef = 787AC6822B0F71E8001A1CBC /* Assets.xcassets */; };
		787AC6862B0F71E8001A1CBC /* Preview Assets.xcassets in Resources */ = {isa = PBXBuildFile; fileRef = 787AC6852B0F71E8001A1CBC /* Preview Assets.xcassets */; };
		787AC6902B0F71E8001A1CBC /* LeggoQuizTests.swift in Sources */ = {isa = PBXBuildFile; fileRef = 787AC68F2B0F71E8001A1CBC /* LeggoQuizTests.swift */; };
		787AC69A2B0F71E8001A1CBC /* LeggoQuizUITests.swift in Sources */ = {isa = PBXBuildFile; fileRef = 787AC6992B0F71E8001A1CBC /* LeggoQuizUITests.swift */; };
		787AC69C2B0F71E8001A1CBC /* LeggoQuizUITestsLaunchTests.swift in Sources */ = {isa = PBXBuildFile; fileRef = 787AC69B2B0F71E8001A1CBC /* LeggoQuizUITestsLaunchTests.swift */; };
		787AC6AA2B0F729F001A1CBC /* PrimaryButton.swift in Sources */ = {isa = PBXBuildFile; fileRef = 787AC6A92B0F729F001A1CBC /* PrimaryButton.swift */; };
		787AC6AD2B0F7572001A1CBC /* Extensions.swift in Sources */ = {isa = PBXBuildFile; fileRef = 787AC6AC2B0F7572001A1CBC /* Extensions.swift */; };
		787AC6AF2B0F75F3001A1CBC /* QuestionView.swift in Sources */ = {isa = PBXBuildFile; fileRef = 787AC6AE2B0F75F3001A1CBC /* QuestionView.swift */; };
		787AC6B12B0F768B001A1CBC /* ProgressBar.swift in Sources */ = {isa = PBXBuildFile; fileRef = 787AC6B02B0F768B001A1CBC /* ProgressBar.swift */; };
		787AC6B42B0F79C6001A1CBC /* Answer.swift in Sources */ = {isa = PBXBuildFile; fileRef = 787AC6B32B0F79C6001A1CBC /* Answer.swift */; };
		787AC6B62B0F7A15001A1CBC /* AnswerRow.swift in Sources */ = {isa = PBXBuildFile; fileRef = 787AC6B52B0F7A15001A1CBC /* AnswerRow.swift */; };
		787AC6B82B0F7CDC001A1CBC /* TriviaView.swift in Sources */ = {isa = PBXBuildFile; fileRef = 787AC6B72B0F7CDC001A1CBC /* TriviaView.swift */; };
		787AC6BA2B0F7E06001A1CBC /* MascotQuiz.swift in Sources */ = {isa = PBXBuildFile; fileRef = 787AC6B92B0F7E05001A1CBC /* MascotQuiz.swift */; };
		787AC6BC2B0F843E001A1CBC /* TriviaManager.swift in Sources */ = {isa = PBXBuildFile; fileRef = 787AC6BB2B0F843E001A1CBC /* TriviaManager.swift */; };
		787AC6BE2B0F8B83001A1CBC /* mascotQEng.json in Resources */ = {isa = PBXBuildFile; fileRef = 787AC6BD2B0F8B83001A1CBC /* mascotQEng.json */; };
		787AC6C12B0FDB0E001A1CBC /* eventQEng.json in Resources */ = {isa = PBXBuildFile; fileRef = 787AC6C02B0FDB0E001A1CBC /* eventQEng.json */; };
		787AC6C32B0FDEF4001A1CBC /* EventQuiz.swift in Sources */ = {isa = PBXBuildFile; fileRef = 787AC6C22B0FDEF4001A1CBC /* EventQuiz.swift */; };
		787AC6C52B0FE829001A1CBC /* QuizManager.swift in Sources */ = {isa = PBXBuildFile; fileRef = 787AC6C42B0FE829001A1CBC /* QuizManager.swift */; };
		787AC6C72B0FFF7B001A1CBC /* TestView.swift in Sources */ = {isa = PBXBuildFile; fileRef = 787AC6C62B0FFF7B001A1CBC /* TestView.swift */; };
		787AC6C92B100491001A1CBC /* MascotLevel.swift in Sources */ = {isa = PBXBuildFile; fileRef = 787AC6C82B100491001A1CBC /* MascotLevel.swift */; };
		787AC6D02B105818001A1CBC /* Rocgrotesk-medium.otf in Resources */ = {isa = PBXBuildFile; fileRef = 787AC6CB2B105817001A1CBC /* Rocgrotesk-medium.otf */; };
		787AC6D12B105818001A1CBC /* Rocgrotesk-medium.otf in Resources */ = {isa = PBXBuildFile; fileRef = 787AC6CB2B105817001A1CBC /* Rocgrotesk-medium.otf */; };
		787AC6D22B105818001A1CBC /* Rocgrotesk-medium.otf in Resources */ = {isa = PBXBuildFile; fileRef = 787AC6CB2B105817001A1CBC /* Rocgrotesk-medium.otf */; };
		787AC6D32B105818001A1CBC /* Rocgrotesk-light.otf in Resources */ = {isa = PBXBuildFile; fileRef = 787AC6CC2B105817001A1CBC /* Rocgrotesk-light.otf */; };
		787AC6D42B105818001A1CBC /* Rocgrotesk-light.otf in Resources */ = {isa = PBXBuildFile; fileRef = 787AC6CC2B105817001A1CBC /* Rocgrotesk-light.otf */; };
		787AC6D52B105818001A1CBC /* Rocgrotesk-light.otf in Resources */ = {isa = PBXBuildFile; fileRef = 787AC6CC2B105817001A1CBC /* Rocgrotesk-light.otf */; };
		787AC6D62B105818001A1CBC /* Rocgrotesk-regular.otf in Resources */ = {isa = PBXBuildFile; fileRef = 787AC6CD2B105817001A1CBC /* Rocgrotesk-regular.otf */; };
		787AC6D72B105818001A1CBC /* Rocgrotesk-regular.otf in Resources */ = {isa = PBXBuildFile; fileRef = 787AC6CD2B105817001A1CBC /* Rocgrotesk-regular.otf */; };
		787AC6D82B105818001A1CBC /* Rocgrotesk-regular.otf in Resources */ = {isa = PBXBuildFile; fileRef = 787AC6CD2B105817001A1CBC /* Rocgrotesk-regular.otf */; };
		787AC6D92B105818001A1CBC /* Rocgrotesk-extralight.otf in Resources */ = {isa = PBXBuildFile; fileRef = 787AC6CE2B105817001A1CBC /* Rocgrotesk-extralight.otf */; };
		787AC6DA2B105818001A1CBC /* Rocgrotesk-extralight.otf in Resources */ = {isa = PBXBuildFile; fileRef = 787AC6CE2B105817001A1CBC /* Rocgrotesk-extralight.otf */; };
		787AC6DB2B105818001A1CBC /* Rocgrotesk-extralight.otf in Resources */ = {isa = PBXBuildFile; fileRef = 787AC6CE2B105817001A1CBC /* Rocgrotesk-extralight.otf */; };
		787AC6DC2B105818001A1CBC /* Rocgrotesk-thin.otf in Resources */ = {isa = PBXBuildFile; fileRef = 787AC6CF2B105817001A1CBC /* Rocgrotesk-thin.otf */; };
		787AC6DD2B105818001A1CBC /* Rocgrotesk-thin.otf in Resources */ = {isa = PBXBuildFile; fileRef = 787AC6CF2B105817001A1CBC /* Rocgrotesk-thin.otf */; };
		787AC6DE2B105818001A1CBC /* Rocgrotesk-thin.otf in Resources */ = {isa = PBXBuildFile; fileRef = 787AC6CF2B105817001A1CBC /* Rocgrotesk-thin.otf */; };
		787AC6E02B1058BF001A1CBC /* Info.plist in Resources */ = {isa = PBXBuildFile; fileRef = 787AC6DF2B105865001A1CBC /* Info.plist */; };
/* End PBXBuildFile section */

/* Begin PBXContainerItemProxy section */
		787AC68C2B0F71E8001A1CBC /* PBXContainerItemProxy */ = {
			isa = PBXContainerItemProxy;
			containerPortal = 787AC6732B0F71E6001A1CBC /* Project object */;
			proxyType = 1;
			remoteGlobalIDString = 787AC67A2B0F71E6001A1CBC;
			remoteInfo = LeggoQuiz;
		};
		787AC6962B0F71E8001A1CBC /* PBXContainerItemProxy */ = {
			isa = PBXContainerItemProxy;
			containerPortal = 787AC6732B0F71E6001A1CBC /* Project object */;
			proxyType = 1;
			remoteGlobalIDString = 787AC67A2B0F71E6001A1CBC;
			remoteInfo = LeggoQuiz;
		};
/* End PBXContainerItemProxy section */

/* Begin PBXFileReference section */
		787AC67B2B0F71E6001A1CBC /* LeggoQuiz.app */ = {isa = PBXFileReference; explicitFileType = wrapper.application; includeInIndex = 0; path = LeggoQuiz.app; sourceTree = BUILT_PRODUCTS_DIR; };
		787AC67E2B0F71E6001A1CBC /* LeggoQuizApp.swift */ = {isa = PBXFileReference; lastKnownFileType = sourcecode.swift; path = LeggoQuizApp.swift; sourceTree = "<group>"; };
		787AC6802B0F71E6001A1CBC /* ContentView.swift */ = {isa = PBXFileReference; lastKnownFileType = sourcecode.swift; path = ContentView.swift; sourceTree = "<group>"; };
		787AC6822B0F71E8001A1CBC /* Assets.xcassets */ = {isa = PBXFileReference; lastKnownFileType = folder.assetcatalog; path = Assets.xcassets; sourceTree = "<group>"; };
		787AC6852B0F71E8001A1CBC /* Preview Assets.xcassets */ = {isa = PBXFileReference; lastKnownFileType = folder.assetcatalog; path = "Preview Assets.xcassets"; sourceTree = "<group>"; };
		787AC68B2B0F71E8001A1CBC /* LeggoQuizTests.xctest */ = {isa = PBXFileReference; explicitFileType = wrapper.cfbundle; includeInIndex = 0; path = LeggoQuizTests.xctest; sourceTree = BUILT_PRODUCTS_DIR; };
		787AC68F2B0F71E8001A1CBC /* LeggoQuizTests.swift */ = {isa = PBXFileReference; lastKnownFileType = sourcecode.swift; path = LeggoQuizTests.swift; sourceTree = "<group>"; };
		787AC6952B0F71E8001A1CBC /* LeggoQuizUITests.xctest */ = {isa = PBXFileReference; explicitFileType = wrapper.cfbundle; includeInIndex = 0; path = LeggoQuizUITests.xctest; sourceTree = BUILT_PRODUCTS_DIR; };
		787AC6992B0F71E8001A1CBC /* LeggoQuizUITests.swift */ = {isa = PBXFileReference; lastKnownFileType = sourcecode.swift; path = LeggoQuizUITests.swift; sourceTree = "<group>"; };
		787AC69B2B0F71E8001A1CBC /* LeggoQuizUITestsLaunchTests.swift */ = {isa = PBXFileReference; lastKnownFileType = sourcecode.swift; path = LeggoQuizUITestsLaunchTests.swift; sourceTree = "<group>"; };
		787AC6A92B0F729F001A1CBC /* PrimaryButton.swift */ = {isa = PBXFileReference; lastKnownFileType = sourcecode.swift; path = PrimaryButton.swift; sourceTree = "<group>"; };
		787AC6AC2B0F7572001A1CBC /* Extensions.swift */ = {isa = PBXFileReference; lastKnownFileType = sourcecode.swift; path = Extensions.swift; sourceTree = "<group>"; };
		787AC6AE2B0F75F3001A1CBC /* QuestionView.swift */ = {isa = PBXFileReference; lastKnownFileType = sourcecode.swift; path = QuestionView.swift; sourceTree = "<group>"; };
		787AC6B02B0F768B001A1CBC /* ProgressBar.swift */ = {isa = PBXFileReference; lastKnownFileType = sourcecode.swift; path = ProgressBar.swift; sourceTree = "<group>"; };
		787AC6B32B0F79C6001A1CBC /* Answer.swift */ = {isa = PBXFileReference; lastKnownFileType = sourcecode.swift; path = Answer.swift; sourceTree = "<group>"; };
		787AC6B52B0F7A15001A1CBC /* AnswerRow.swift */ = {isa = PBXFileReference; lastKnownFileType = sourcecode.swift; path = AnswerRow.swift; sourceTree = "<group>"; };
		787AC6B72B0F7CDC001A1CBC /* TriviaView.swift */ = {isa = PBXFileReference; lastKnownFileType = sourcecode.swift; path = TriviaView.swift; sourceTree = "<group>"; };
		787AC6B92B0F7E05001A1CBC /* MascotQuiz.swift */ = {isa = PBXFileReference; lastKnownFileType = sourcecode.swift; path = MascotQuiz.swift; sourceTree = "<group>"; };
		787AC6BB2B0F843E001A1CBC /* TriviaManager.swift */ = {isa = PBXFileReference; lastKnownFileType = sourcecode.swift; path = TriviaManager.swift; sourceTree = "<group>"; };
		787AC6BD2B0F8B83001A1CBC /* mascotQEng.json */ = {isa = PBXFileReference; lastKnownFileType = text.json; path = mascotQEng.json; sourceTree = "<group>"; };
		787AC6C02B0FDB0E001A1CBC /* eventQEng.json */ = {isa = PBXFileReference; lastKnownFileType = text.json; path = eventQEng.json; sourceTree = "<group>"; };
		787AC6C22B0FDEF4001A1CBC /* EventQuiz.swift */ = {isa = PBXFileReference; lastKnownFileType = sourcecode.swift; path = EventQuiz.swift; sourceTree = "<group>"; };
		787AC6C42B0FE829001A1CBC /* QuizManager.swift */ = {isa = PBXFileReference; lastKnownFileType = sourcecode.swift; path = QuizManager.swift; sourceTree = "<group>"; };
		787AC6C62B0FFF7B001A1CBC /* TestView.swift */ = {isa = PBXFileReference; lastKnownFileType = sourcecode.swift; path = TestView.swift; sourceTree = "<group>"; };
		787AC6C82B100491001A1CBC /* MascotLevel.swift */ = {isa = PBXFileReference; lastKnownFileType = sourcecode.swift; path = MascotLevel.swift; sourceTree = "<group>"; };
		787AC6CB2B105817001A1CBC /* Rocgrotesk-medium.otf */ = {isa = PBXFileReference; lastKnownFileType = file; path = "Rocgrotesk-medium.otf"; sourceTree = "<group>"; };
		787AC6CC2B105817001A1CBC /* Rocgrotesk-light.otf */ = {isa = PBXFileReference; lastKnownFileType = file; path = "Rocgrotesk-light.otf"; sourceTree = "<group>"; };
		787AC6CD2B105817001A1CBC /* Rocgrotesk-regular.otf */ = {isa = PBXFileReference; lastKnownFileType = file; path = "Rocgrotesk-regular.otf"; sourceTree = "<group>"; };
		787AC6CE2B105817001A1CBC /* Rocgrotesk-extralight.otf */ = {isa = PBXFileReference; lastKnownFileType = file; path = "Rocgrotesk-extralight.otf"; sourceTree = "<group>"; };
		787AC6CF2B105817001A1CBC /* Rocgrotesk-thin.otf */ = {isa = PBXFileReference; lastKnownFileType = file; path = "Rocgrotesk-thin.otf"; sourceTree = "<group>"; };
		787AC6DF2B105865001A1CBC /* Info.plist */ = {isa = PBXFileReference; lastKnownFileType = text.plist; path = Info.plist; sourceTree = "<group>"; };
/* End PBXFileReference section */

/* Begin PBXFrameworksBuildPhase section */
		787AC6782B0F71E6001A1CBC /* Frameworks */ = {
			isa = PBXFrameworksBuildPhase;
			buildActionMask = 2147483647;
			files = (
			);
			runOnlyForDeploymentPostprocessing = 0;
		};
		787AC6882B0F71E8001A1CBC /* Frameworks */ = {
			isa = PBXFrameworksBuildPhase;
			buildActionMask = 2147483647;
			files = (
			);
			runOnlyForDeploymentPostprocessing = 0;
		};
		787AC6922B0F71E8001A1CBC /* Frameworks */ = {
			isa = PBXFrameworksBuildPhase;
			buildActionMask = 2147483647;
			files = (
			);
			runOnlyForDeploymentPostprocessing = 0;
		};
/* End PBXFrameworksBuildPhase section */

/* Begin PBXGroup section */
		787AC6722B0F71E6001A1CBC = {
			isa = PBXGroup;
			children = (
				787AC67D2B0F71E6001A1CBC /* LeggoQuiz */,
				787AC68E2B0F71E8001A1CBC /* LeggoQuizTests */,
				787AC6982B0F71E8001A1CBC /* LeggoQuizUITests */,
				787AC67C2B0F71E6001A1CBC /* Products */,
			);
			sourceTree = "<group>";
		};
		787AC67C2B0F71E6001A1CBC /* Products */ = {
			isa = PBXGroup;
			children = (
				787AC67B2B0F71E6001A1CBC /* LeggoQuiz.app */,
				787AC68B2B0F71E8001A1CBC /* LeggoQuizTests.xctest */,
				787AC6952B0F71E8001A1CBC /* LeggoQuizUITests.xctest */,
			);
			name = Products;
			sourceTree = "<group>";
		};
		787AC67D2B0F71E6001A1CBC /* LeggoQuiz */ = {
			isa = PBXGroup;
			children = (
				787AC6DF2B105865001A1CBC /* Info.plist */,
				787AC6CA2B1057DC001A1CBC /* fonts */,
				787AC6BF2B0FDAF8001A1CBC /* Data */,
				787AC6B22B0F79B5001A1CBC /* Models */,
				787AC6AB2B0F747F001A1CBC /* Views */,
				787AC6A82B0F7286001A1CBC /* Components */,
				787AC67E2B0F71E6001A1CBC /* LeggoQuizApp.swift */,
				787AC6822B0F71E8001A1CBC /* Assets.xcassets */,
				787AC6842B0F71E8001A1CBC /* Preview Content */,
				787AC6AC2B0F7572001A1CBC /* Extensions.swift */,
			);
			path = LeggoQuiz;
			sourceTree = "<group>";
		};
		787AC6842B0F71E8001A1CBC /* Preview Content */ = {
			isa = PBXGroup;
			children = (
				787AC6852B0F71E8001A1CBC /* Preview Assets.xcassets */,
			);
			path = "Preview Content";
			sourceTree = "<group>";
		};
		787AC68E2B0F71E8001A1CBC /* LeggoQuizTests */ = {
			isa = PBXGroup;
			children = (
				787AC68F2B0F71E8001A1CBC /* LeggoQuizTests.swift */,
			);
			path = LeggoQuizTests;
			sourceTree = "<group>";
		};
		787AC6982B0F71E8001A1CBC /* LeggoQuizUITests */ = {
			isa = PBXGroup;
			children = (
				787AC6992B0F71E8001A1CBC /* LeggoQuizUITests.swift */,
				787AC69B2B0F71E8001A1CBC /* LeggoQuizUITestsLaunchTests.swift */,
			);
			path = LeggoQuizUITests;
			sourceTree = "<group>";
		};
		787AC6A82B0F7286001A1CBC /* Components */ = {
			isa = PBXGroup;
			children = (
				787AC6A92B0F729F001A1CBC /* PrimaryButton.swift */,
				787AC6B02B0F768B001A1CBC /* ProgressBar.swift */,
				787AC6B52B0F7A15001A1CBC /* AnswerRow.swift */,
				787AC6C82B100491001A1CBC /* MascotLevel.swift */,
			);
			path = Components;
			sourceTree = "<group>";
		};
		787AC6AB2B0F747F001A1CBC /* Views */ = {
			isa = PBXGroup;
			children = (
				787AC6802B0F71E6001A1CBC /* ContentView.swift */,
				787AC6AE2B0F75F3001A1CBC /* QuestionView.swift */,
				787AC6B72B0F7CDC001A1CBC /* TriviaView.swift */,
				787AC6C62B0FFF7B001A1CBC /* TestView.swift */,
			);
			path = Views;
			sourceTree = "<group>";
		};
		787AC6B22B0F79B5001A1CBC /* Models */ = {
			isa = PBXGroup;
			children = (
				787AC6B32B0F79C6001A1CBC /* Answer.swift */,
				787AC6B92B0F7E05001A1CBC /* MascotQuiz.swift */,
				787AC6BB2B0F843E001A1CBC /* TriviaManager.swift */,
				787AC6C22B0FDEF4001A1CBC /* EventQuiz.swift */,
				787AC6C42B0FE829001A1CBC /* QuizManager.swift */,
			);
			path = Models;
			sourceTree = "<group>";
		};
		787AC6BF2B0FDAF8001A1CBC /* Data */ = {
			isa = PBXGroup;
			children = (
				787AC6BD2B0F8B83001A1CBC /* mascotQEng.json */,
				787AC6C02B0FDB0E001A1CBC /* eventQEng.json */,
			);
			path = Data;
			sourceTree = "<group>";
		};
		787AC6CA2B1057DC001A1CBC /* fonts */ = {
			isa = PBXGroup;
			children = (
				787AC6CE2B105817001A1CBC /* Rocgrotesk-extralight.otf */,
				787AC6CC2B105817001A1CBC /* Rocgrotesk-light.otf */,
				787AC6CB2B105817001A1CBC /* Rocgrotesk-medium.otf */,
				787AC6CD2B105817001A1CBC /* Rocgrotesk-regular.otf */,
				787AC6CF2B105817001A1CBC /* Rocgrotesk-thin.otf */,
			);
			path = fonts;
			sourceTree = "<group>";
		};
/* End PBXGroup section */

/* Begin PBXNativeTarget section */
		787AC67A2B0F71E6001A1CBC /* LeggoQuiz */ = {
			isa = PBXNativeTarget;
			buildConfigurationList = 787AC69F2B0F71E8001A1CBC /* Build configuration list for PBXNativeTarget "LeggoQuiz" */;
			buildPhases = (
				787AC6772B0F71E6001A1CBC /* Sources */,
				787AC6782B0F71E6001A1CBC /* Frameworks */,
				787AC6792B0F71E6001A1CBC /* Resources */,
			);
			buildRules = (
			);
			dependencies = (
			);
			name = LeggoQuiz;
			productName = LeggoQuiz;
			productReference = 787AC67B2B0F71E6001A1CBC /* LeggoQuiz.app */;
			productType = "com.apple.product-type.application";
		};
		787AC68A2B0F71E8001A1CBC /* LeggoQuizTests */ = {
			isa = PBXNativeTarget;
			buildConfigurationList = 787AC6A22B0F71E8001A1CBC /* Build configuration list for PBXNativeTarget "LeggoQuizTests" */;
			buildPhases = (
				787AC6872B0F71E8001A1CBC /* Sources */,
				787AC6882B0F71E8001A1CBC /* Frameworks */,
				787AC6892B0F71E8001A1CBC /* Resources */,
			);
			buildRules = (
			);
			dependencies = (
				787AC68D2B0F71E8001A1CBC /* PBXTargetDependency */,
			);
			name = LeggoQuizTests;
			productName = LeggoQuizTests;
			productReference = 787AC68B2B0F71E8001A1CBC /* LeggoQuizTests.xctest */;
			productType = "com.apple.product-type.bundle.unit-test";
		};
		787AC6942B0F71E8001A1CBC /* LeggoQuizUITests */ = {
			isa = PBXNativeTarget;
			buildConfigurationList = 787AC6A52B0F71E8001A1CBC /* Build configuration list for PBXNativeTarget "LeggoQuizUITests" */;
			buildPhases = (
				787AC6912B0F71E8001A1CBC /* Sources */,
				787AC6922B0F71E8001A1CBC /* Frameworks */,
				787AC6932B0F71E8001A1CBC /* Resources */,
			);
			buildRules = (
			);
			dependencies = (
				787AC6972B0F71E8001A1CBC /* PBXTargetDependency */,
			);
			name = LeggoQuizUITests;
			productName = LeggoQuizUITests;
			productReference = 787AC6952B0F71E8001A1CBC /* LeggoQuizUITests.xctest */;
			productType = "com.apple.product-type.bundle.ui-testing";
		};
/* End PBXNativeTarget section */

/* Begin PBXProject section */
		787AC6732B0F71E6001A1CBC /* Project object */ = {
			isa = PBXProject;
			attributes = {
				BuildIndependentTargetsInParallel = 1;
				LastSwiftUpdateCheck = 1500;
				LastUpgradeCheck = 1500;
				TargetAttributes = {
					787AC67A2B0F71E6001A1CBC = {
						CreatedOnToolsVersion = 15.0.1;
					};
					787AC68A2B0F71E8001A1CBC = {
						CreatedOnToolsVersion = 15.0.1;
						TestTargetID = 787AC67A2B0F71E6001A1CBC;
					};
					787AC6942B0F71E8001A1CBC = {
						CreatedOnToolsVersion = 15.0.1;
						TestTargetID = 787AC67A2B0F71E6001A1CBC;
					};
				};
			};
			buildConfigurationList = 787AC6762B0F71E6001A1CBC /* Build configuration list for PBXProject "LeggoQuiz" */;
			compatibilityVersion = "Xcode 14.0";
			developmentRegion = en;
			hasScannedForEncodings = 0;
			knownRegions = (
				en,
				Base,
			);
			mainGroup = 787AC6722B0F71E6001A1CBC;
			productRefGroup = 787AC67C2B0F71E6001A1CBC /* Products */;
			projectDirPath = "";
			projectRoot = "";
			targets = (
				787AC67A2B0F71E6001A1CBC /* LeggoQuiz */,
				787AC68A2B0F71E8001A1CBC /* LeggoQuizTests */,
				787AC6942B0F71E8001A1CBC /* LeggoQuizUITests */,
			);
		};
/* End PBXProject section */

/* Begin PBXResourcesBuildPhase section */
		787AC6792B0F71E6001A1CBC /* Resources */ = {
			isa = PBXResourcesBuildPhase;
			buildActionMask = 2147483647;
			files = (
				787AC6862B0F71E8001A1CBC /* Preview Assets.xcassets in Resources */,
				787AC6D32B105818001A1CBC /* Rocgrotesk-light.otf in Resources */,
				787AC6DC2B105818001A1CBC /* Rocgrotesk-thin.otf in Resources */,
				787AC6BE2B0F8B83001A1CBC /* mascotQEng.json in Resources */,
				787AC6D62B105818001A1CBC /* Rocgrotesk-regular.otf in Resources */,
				787AC6D92B105818001A1CBC /* Rocgrotesk-extralight.otf in Resources */,
				787AC6C12B0FDB0E001A1CBC /* eventQEng.json in Resources */,
				787AC6832B0F71E8001A1CBC /* Assets.xcassets in Resources */,
				787AC6E02B1058BF001A1CBC /* Info.plist in Resources */,
				787AC6D02B105818001A1CBC /* Rocgrotesk-medium.otf in Resources */,
			);
			runOnlyForDeploymentPostprocessing = 0;
		};
		787AC6892B0F71E8001A1CBC /* Resources */ = {
			isa = PBXResourcesBuildPhase;
			buildActionMask = 2147483647;
			files = (
				787AC6DA2B105818001A1CBC /* Rocgrotesk-extralight.otf in Resources */,
				787AC6D72B105818001A1CBC /* Rocgrotesk-regular.otf in Resources */,
				787AC6D12B105818001A1CBC /* Rocgrotesk-medium.otf in Resources */,
				787AC6DD2B105818001A1CBC /* Rocgrotesk-thin.otf in Resources */,
				787AC6D42B105818001A1CBC /* Rocgrotesk-light.otf in Resources */,
			);
			runOnlyForDeploymentPostprocessing = 0;
		};
		787AC6932B0F71E8001A1CBC /* Resources */ = {
			isa = PBXResourcesBuildPhase;
			buildActionMask = 2147483647;
			files = (
				787AC6DB2B105818001A1CBC /* Rocgrotesk-extralight.otf in Resources */,
				787AC6D82B105818001A1CBC /* Rocgrotesk-regular.otf in Resources */,
				787AC6D22B105818001A1CBC /* Rocgrotesk-medium.otf in Resources */,
				787AC6DE2B105818001A1CBC /* Rocgrotesk-thin.otf in Resources */,
				787AC6D52B105818001A1CBC /* Rocgrotesk-light.otf in Resources */,
			);
			runOnlyForDeploymentPostprocessing = 0;
		};
/* End PBXResourcesBuildPhase section */

/* Begin PBXSourcesBuildPhase section */
		787AC6772B0F71E6001A1CBC /* Sources */ = {
			isa = PBXSourcesBuildPhase;
			buildActionMask = 2147483647;
			files = (
				787AC6C92B100491001A1CBC /* MascotLevel.swift in Sources */,
				787AC6C72B0FFF7B001A1CBC /* TestView.swift in Sources */,
				787AC6AF2B0F75F3001A1CBC /* QuestionView.swift in Sources */,
				787AC6C32B0FDEF4001A1CBC /* EventQuiz.swift in Sources */,
				787AC6B82B0F7CDC001A1CBC /* TriviaView.swift in Sources */,
				787AC6BA2B0F7E06001A1CBC /* MascotQuiz.swift in Sources */,
				787AC6AA2B0F729F001A1CBC /* PrimaryButton.swift in Sources */,
				787AC6BC2B0F843E001A1CBC /* TriviaManager.swift in Sources */,
				787AC6B62B0F7A15001A1CBC /* AnswerRow.swift in Sources */,
				787AC6812B0F71E6001A1CBC /* ContentView.swift in Sources */,
				787AC6B42B0F79C6001A1CBC /* Answer.swift in Sources */,
				787AC6C52B0FE829001A1CBC /* QuizManager.swift in Sources */,
				787AC67F2B0F71E6001A1CBC /* LeggoQuizApp.swift in Sources */,
				787AC6B12B0F768B001A1CBC /* ProgressBar.swift in Sources */,
				787AC6AD2B0F7572001A1CBC /* Extensions.swift in Sources */,
			);
			runOnlyForDeploymentPostprocessing = 0;
		};
		787AC6872B0F71E8001A1CBC /* Sources */ = {
			isa = PBXSourcesBuildPhase;
			buildActionMask = 2147483647;
			files = (
				787AC6902B0F71E8001A1CBC /* LeggoQuizTests.swift in Sources */,
			);
			runOnlyForDeploymentPostprocessing = 0;
		};
		787AC6912B0F71E8001A1CBC /* Sources */ = {
			isa = PBXSourcesBuildPhase;
			buildActionMask = 2147483647;
			files = (
				787AC69C2B0F71E8001A1CBC /* LeggoQuizUITestsLaunchTests.swift in Sources */,
				787AC69A2B0F71E8001A1CBC /* LeggoQuizUITests.swift in Sources */,
			);
			runOnlyForDeploymentPostprocessing = 0;
		};
/* End PBXSourcesBuildPhase section */

/* Begin PBXTargetDependency section */
		787AC68D2B0F71E8001A1CBC /* PBXTargetDependency */ = {
			isa = PBXTargetDependency;
			target = 787AC67A2B0F71E6001A1CBC /* LeggoQuiz */;
			targetProxy = 787AC68C2B0F71E8001A1CBC /* PBXContainerItemProxy */;
		};
		787AC6972B0F71E8001A1CBC /* PBXTargetDependency */ = {
			isa = PBXTargetDependency;
			target = 787AC67A2B0F71E6001A1CBC /* LeggoQuiz */;
			targetProxy = 787AC6962B0F71E8001A1CBC /* PBXContainerItemProxy */;
		};
/* End PBXTargetDependency section */

/* Begin XCBuildConfiguration section */
		787AC69D2B0F71E8001A1CBC /* Debug */ = {
			isa = XCBuildConfiguration;
			buildSettings = {
				ALWAYS_SEARCH_USER_PATHS = NO;
				ASSETCATALOG_COMPILER_GENERATE_SWIFT_ASSET_SYMBOL_EXTENSIONS = YES;
				CLANG_ANALYZER_NONNULL = YES;
				CLANG_ANALYZER_NUMBER_OBJECT_CONVERSION = YES_AGGRESSIVE;
				CLANG_CXX_LANGUAGE_STANDARD = "gnu++20";
				CLANG_ENABLE_MODULES = YES;
				CLANG_ENABLE_OBJC_ARC = YES;
				CLANG_ENABLE_OBJC_WEAK = YES;
				CLANG_WARN_BLOCK_CAPTURE_AUTORELEASING = YES;
				CLANG_WARN_BOOL_CONVERSION = YES;
				CLANG_WARN_COMMA = YES;
				CLANG_WARN_CONSTANT_CONVERSION = YES;
				CLANG_WARN_DEPRECATED_OBJC_IMPLEMENTATIONS = YES;
				CLANG_WARN_DIRECT_OBJC_ISA_USAGE = YES_ERROR;
				CLANG_WARN_DOCUMENTATION_COMMENTS = YES;
				CLANG_WARN_EMPTY_BODY = YES;
				CLANG_WARN_ENUM_CONVERSION = YES;
				CLANG_WARN_INFINITE_RECURSION = YES;
				CLANG_WARN_INT_CONVERSION = YES;
				CLANG_WARN_NON_LITERAL_NULL_CONVERSION = YES;
				CLANG_WARN_OBJC_IMPLICIT_RETAIN_SELF = YES;
				CLANG_WARN_OBJC_LITERAL_CONVERSION = YES;
				CLANG_WARN_OBJC_ROOT_CLASS = YES_ERROR;
				CLANG_WARN_QUOTED_INCLUDE_IN_FRAMEWORK_HEADER = YES;
				CLANG_WARN_RANGE_LOOP_ANALYSIS = YES;
				CLANG_WARN_STRICT_PROTOTYPES = YES;
				CLANG_WARN_SUSPICIOUS_MOVE = YES;
				CLANG_WARN_UNGUARDED_AVAILABILITY = YES_AGGRESSIVE;
				CLANG_WARN_UNREACHABLE_CODE = YES;
				CLANG_WARN__DUPLICATE_METHOD_MATCH = YES;
				COPY_PHASE_STRIP = NO;
				DEBUG_INFORMATION_FORMAT = dwarf;
				ENABLE_STRICT_OBJC_MSGSEND = YES;
				ENABLE_TESTABILITY = YES;
				ENABLE_USER_SCRIPT_SANDBOXING = YES;
				GCC_C_LANGUAGE_STANDARD = gnu17;
				GCC_DYNAMIC_NO_PIC = NO;
				GCC_NO_COMMON_BLOCKS = YES;
				GCC_OPTIMIZATION_LEVEL = 0;
				GCC_PREPROCESSOR_DEFINITIONS = (
					"DEBUG=1",
					"$(inherited)",
				);
				GCC_WARN_64_TO_32_BIT_CONVERSION = YES;
				GCC_WARN_ABOUT_RETURN_TYPE = YES_ERROR;
				GCC_WARN_UNDECLARED_SELECTOR = YES;
				GCC_WARN_UNINITIALIZED_AUTOS = YES_AGGRESSIVE;
				GCC_WARN_UNUSED_FUNCTION = YES;
				GCC_WARN_UNUSED_VARIABLE = YES;
				IPHONEOS_DEPLOYMENT_TARGET = 17.0;
				LOCALIZATION_PREFERS_STRING_CATALOGS = YES;
				MTL_ENABLE_DEBUG_INFO = INCLUDE_SOURCE;
				MTL_FAST_MATH = YES;
				ONLY_ACTIVE_ARCH = YES;
				SDKROOT = iphoneos;
				SWIFT_ACTIVE_COMPILATION_CONDITIONS = "DEBUG $(inherited)";
				SWIFT_OPTIMIZATION_LEVEL = "-Onone";
			};
			name = Debug;
		};
		787AC69E2B0F71E8001A1CBC /* Release */ = {
			isa = XCBuildConfiguration;
			buildSettings = {
				ALWAYS_SEARCH_USER_PATHS = NO;
				ASSETCATALOG_COMPILER_GENERATE_SWIFT_ASSET_SYMBOL_EXTENSIONS = YES;
				CLANG_ANALYZER_NONNULL = YES;
				CLANG_ANALYZER_NUMBER_OBJECT_CONVERSION = YES_AGGRESSIVE;
				CLANG_CXX_LANGUAGE_STANDARD = "gnu++20";
				CLANG_ENABLE_MODULES = YES;
				CLANG_ENABLE_OBJC_ARC = YES;
				CLANG_ENABLE_OBJC_WEAK = YES;
				CLANG_WARN_BLOCK_CAPTURE_AUTORELEASING = YES;
				CLANG_WARN_BOOL_CONVERSION = YES;
				CLANG_WARN_COMMA = YES;
				CLANG_WARN_CONSTANT_CONVERSION = YES;
				CLANG_WARN_DEPRECATED_OBJC_IMPLEMENTATIONS = YES;
				CLANG_WARN_DIRECT_OBJC_ISA_USAGE = YES_ERROR;
				CLANG_WARN_DOCUMENTATION_COMMENTS = YES;
				CLANG_WARN_EMPTY_BODY = YES;
				CLANG_WARN_ENUM_CONVERSION = YES;
				CLANG_WARN_INFINITE_RECURSION = YES;
				CLANG_WARN_INT_CONVERSION = YES;
				CLANG_WARN_NON_LITERAL_NULL_CONVERSION = YES;
				CLANG_WARN_OBJC_IMPLICIT_RETAIN_SELF = YES;
				CLANG_WARN_OBJC_LITERAL_CONVERSION = YES;
				CLANG_WARN_OBJC_ROOT_CLASS = YES_ERROR;
				CLANG_WARN_QUOTED_INCLUDE_IN_FRAMEWORK_HEADER = YES;
				CLANG_WARN_RANGE_LOOP_ANALYSIS = YES;
				CLANG_WARN_STRICT_PROTOTYPES = YES;
				CLANG_WARN_SUSPICIOUS_MOVE = YES;
				CLANG_WARN_UNGUARDED_AVAILABILITY = YES_AGGRESSIVE;
				CLANG_WARN_UNREACHABLE_CODE = YES;
				CLANG_WARN__DUPLICATE_METHOD_MATCH = YES;
				COPY_PHASE_STRIP = NO;
				DEBUG_INFORMATION_FORMAT = "dwarf-with-dsym";
				ENABLE_NS_ASSERTIONS = NO;
				ENABLE_STRICT_OBJC_MSGSEND = YES;
				ENABLE_USER_SCRIPT_SANDBOXING = YES;
				GCC_C_LANGUAGE_STANDARD = gnu17;
				GCC_NO_COMMON_BLOCKS = YES;
				GCC_WARN_64_TO_32_BIT_CONVERSION = YES;
				GCC_WARN_ABOUT_RETURN_TYPE = YES_ERROR;
				GCC_WARN_UNDECLARED_SELECTOR = YES;
				GCC_WARN_UNINITIALIZED_AUTOS = YES_AGGRESSIVE;
				GCC_WARN_UNUSED_FUNCTION = YES;
				GCC_WARN_UNUSED_VARIABLE = YES;
				IPHONEOS_DEPLOYMENT_TARGET = 17.0;
				LOCALIZATION_PREFERS_STRING_CATALOGS = YES;
				MTL_ENABLE_DEBUG_INFO = NO;
				MTL_FAST_MATH = YES;
				SDKROOT = iphoneos;
				SWIFT_COMPILATION_MODE = wholemodule;
				VALIDATE_PRODUCT = YES;
			};
			name = Release;
		};
		787AC6A02B0F71E8001A1CBC /* Debug */ = {
			isa = XCBuildConfiguration;
			buildSettings = {
				ASSETCATALOG_COMPILER_APPICON_NAME = AppIcon;
				ASSETCATALOG_COMPILER_GLOBAL_ACCENT_COLOR_NAME = AccentColor;
				CODE_SIGN_STYLE = Automatic;
				CURRENT_PROJECT_VERSION = 1;
				DEVELOPMENT_ASSET_PATHS = "\"LeggoQuiz/Preview Content\"";
				DEVELOPMENT_TEAM = R5TPL49XXS;
				ENABLE_PREVIEWS = YES;
				GENERATE_INFOPLIST_FILE = YES;
				INFOPLIST_FILE = LeggoQuiz/Info.plist;
				INFOPLIST_KEY_UIApplicationSceneManifest_Generation = YES;
				INFOPLIST_KEY_UIApplicationSupportsIndirectInputEvents = YES;
				INFOPLIST_KEY_UILaunchScreen_Generation = YES;
				INFOPLIST_KEY_UISupportedInterfaceOrientations_iPad = "UIInterfaceOrientationPortrait UIInterfaceOrientationPortraitUpsideDown UIInterfaceOrientationLandscapeLeft UIInterfaceOrientationLandscapeRight";
				INFOPLIST_KEY_UISupportedInterfaceOrientations_iPhone = "UIInterfaceOrientationPortrait UIInterfaceOrientationLandscapeLeft UIInterfaceOrientationLandscapeRight";
				LD_RUNPATH_SEARCH_PATHS = (
					"$(inherited)",
					"@executable_path/Frameworks",
				);
				MARKETING_VERSION = 1.0;
				PRODUCT_BUNDLE_IDENTIFIER = gg.LeggoQuiz;
				PRODUCT_NAME = "$(TARGET_NAME)";
				SWIFT_EMIT_LOC_STRINGS = YES;
				SWIFT_VERSION = 5.0;
				TARGETED_DEVICE_FAMILY = "1,2";
			};
			name = Debug;
		};
		787AC6A12B0F71E8001A1CBC /* Release */ = {
			isa = XCBuildConfiguration;
			buildSettings = {
				ASSETCATALOG_COMPILER_APPICON_NAME = AppIcon;
				ASSETCATALOG_COMPILER_GLOBAL_ACCENT_COLOR_NAME = AccentColor;
				CODE_SIGN_STYLE = Automatic;
				CURRENT_PROJECT_VERSION = 1;
				DEVELOPMENT_ASSET_PATHS = "\"LeggoQuiz/Preview Content\"";
				DEVELOPMENT_TEAM = R5TPL49XXS;
				ENABLE_PREVIEWS = YES;
				GENERATE_INFOPLIST_FILE = YES;
				INFOPLIST_FILE = LeggoQuiz/Info.plist;
				INFOPLIST_KEY_UIApplicationSceneManifest_Generation = YES;
				INFOPLIST_KEY_UIApplicationSupportsIndirectInputEvents = YES;
				INFOPLIST_KEY_UILaunchScreen_Generation = YES;
				INFOPLIST_KEY_UISupportedInterfaceOrientations_iPad = "UIInterfaceOrientationPortrait UIInterfaceOrientationPortraitUpsideDown UIInterfaceOrientationLandscapeLeft UIInterfaceOrientationLandscapeRight";
				INFOPLIST_KEY_UISupportedInterfaceOrientations_iPhone = "UIInterfaceOrientationPortrait UIInterfaceOrientationLandscapeLeft UIInterfaceOrientationLandscapeRight";
				LD_RUNPATH_SEARCH_PATHS = (
					"$(inherited)",
					"@executable_path/Frameworks",
				);
				MARKETING_VERSION = 1.0;
				PRODUCT_BUNDLE_IDENTIFIER = gg.LeggoQuiz;
				PRODUCT_NAME = "$(TARGET_NAME)";
				SWIFT_EMIT_LOC_STRINGS = YES;
				SWIFT_VERSION = 5.0;
				TARGETED_DEVICE_FAMILY = "1,2";
			};
			name = Release;
		};
		787AC6A32B0F71E8001A1CBC /* Debug */ = {
			isa = XCBuildConfiguration;
			buildSettings = {
				ALWAYS_EMBED_SWIFT_STANDARD_LIBRARIES = YES;
				BUNDLE_LOADER = "$(TEST_HOST)";
				CODE_SIGN_STYLE = Automatic;
				CURRENT_PROJECT_VERSION = 1;
				DEVELOPMENT_TEAM = R5TPL49XXS;
				GENERATE_INFOPLIST_FILE = YES;
				IPHONEOS_DEPLOYMENT_TARGET = 17.0;
				MARKETING_VERSION = 1.0;
				PRODUCT_BUNDLE_IDENTIFIER = gg.LeggoQuizTests;
				PRODUCT_NAME = "$(TARGET_NAME)";
				SWIFT_EMIT_LOC_STRINGS = NO;
				SWIFT_VERSION = 5.0;
				TARGETED_DEVICE_FAMILY = "1,2";
				TEST_HOST = "$(BUILT_PRODUCTS_DIR)/LeggoQuiz.app/$(BUNDLE_EXECUTABLE_FOLDER_PATH)/LeggoQuiz";
			};
			name = Debug;
		};
		787AC6A42B0F71E8001A1CBC /* Release */ = {
			isa = XCBuildConfiguration;
			buildSettings = {
				ALWAYS_EMBED_SWIFT_STANDARD_LIBRARIES = YES;
				BUNDLE_LOADER = "$(TEST_HOST)";
				CODE_SIGN_STYLE = Automatic;
				CURRENT_PROJECT_VERSION = 1;
				DEVELOPMENT_TEAM = R5TPL49XXS;
				GENERATE_INFOPLIST_FILE = YES;
				IPHONEOS_DEPLOYMENT_TARGET = 17.0;
				MARKETING_VERSION = 1.0;
				PRODUCT_BUNDLE_IDENTIFIER = gg.LeggoQuizTests;
				PRODUCT_NAME = "$(TARGET_NAME)";
				SWIFT_EMIT_LOC_STRINGS = NO;
				SWIFT_VERSION = 5.0;
				TARGETED_DEVICE_FAMILY = "1,2";
				TEST_HOST = "$(BUILT_PRODUCTS_DIR)/LeggoQuiz.app/$(BUNDLE_EXECUTABLE_FOLDER_PATH)/LeggoQuiz";
			};
			name = Release;
		};
		787AC6A62B0F71E8001A1CBC /* Debug */ = {
			isa = XCBuildConfiguration;
			buildSettings = {
				ALWAYS_EMBED_SWIFT_STANDARD_LIBRARIES = YES;
				CODE_SIGN_STYLE = Automatic;
				CURRENT_PROJECT_VERSION = 1;
				DEVELOPMENT_TEAM = R5TPL49XXS;
				GENERATE_INFOPLIST_FILE = YES;
				MARKETING_VERSION = 1.0;
				PRODUCT_BUNDLE_IDENTIFIER = gg.LeggoQuizUITests;
				PRODUCT_NAME = "$(TARGET_NAME)";
				SWIFT_EMIT_LOC_STRINGS = NO;
				SWIFT_VERSION = 5.0;
				TARGETED_DEVICE_FAMILY = "1,2";
				TEST_TARGET_NAME = LeggoQuiz;
			};
			name = Debug;
		};
		787AC6A72B0F71E8001A1CBC /* Release */ = {
			isa = XCBuildConfiguration;
			buildSettings = {
				ALWAYS_EMBED_SWIFT_STANDARD_LIBRARIES = YES;
				CODE_SIGN_STYLE = Automatic;
				CURRENT_PROJECT_VERSION = 1;
				DEVELOPMENT_TEAM = R5TPL49XXS;
				GENERATE_INFOPLIST_FILE = YES;
				MARKETING_VERSION = 1.0;
				PRODUCT_BUNDLE_IDENTIFIER = gg.LeggoQuizUITests;
				PRODUCT_NAME = "$(TARGET_NAME)";
				SWIFT_EMIT_LOC_STRINGS = NO;
				SWIFT_VERSION = 5.0;
				TARGETED_DEVICE_FAMILY = "1,2";
				TEST_TARGET_NAME = LeggoQuiz;
			};
			name = Release;
		};
/* End XCBuildConfiguration section */

/* Begin XCConfigurationList section */
		787AC6762B0F71E6001A1CBC /* Build configuration list for PBXProject "LeggoQuiz" */ = {
			isa = XCConfigurationList;
			buildConfigurations = (
				787AC69D2B0F71E8001A1CBC /* Debug */,
				787AC69E2B0F71E8001A1CBC /* Release */,
			);
			defaultConfigurationIsVisible = 0;
			defaultConfigurationName = Release;
		};
		787AC69F2B0F71E8001A1CBC /* Build configuration list for PBXNativeTarget "LeggoQuiz" */ = {
			isa = XCConfigurationList;
			buildConfigurations = (
				787AC6A02B0F71E8001A1CBC /* Debug */,
				787AC6A12B0F71E8001A1CBC /* Release */,
			);
			defaultConfigurationIsVisible = 0;
			defaultConfigurationName = Release;
		};
		787AC6A22B0F71E8001A1CBC /* Build configuration list for PBXNativeTarget "LeggoQuizTests" */ = {
			isa = XCConfigurationList;
			buildConfigurations = (
				787AC6A32B0F71E8001A1CBC /* Debug */,
				787AC6A42B0F71E8001A1CBC /* Release */,
			);
			defaultConfigurationIsVisible = 0;
			defaultConfigurationName = Release;
		};
		787AC6A52B0F71E8001A1CBC /* Build configuration list for PBXNativeTarget "LeggoQuizUITests" */ = {
			isa = XCConfigurationList;
			buildConfigurations = (
				787AC6A62B0F71E8001A1CBC /* Debug */,
				787AC6A72B0F71E8001A1CBC /* Release */,
			);
			defaultConfigurationIsVisible = 0;
			defaultConfigurationName = Release;
		};
/* End XCConfigurationList section */
	};
	rootObject = 787AC6732B0F71E6001A1CBC /* Project object */;
}
